Microsoft Visual Studio Solution File, Format Version 11.00
# Visual Studio 2008

Project("{095163EE-D657-34A5-6660-9278BF4224C1}") = "New Unity Project 2fast2furious", "Assembly-CSharp-firstpass.csproj", "{044801A5-DFA9-672A-59E3-970B019DC5BC}"
EndProject
Project("{095163EE-D657-34A5-6660-9278BF4224C1}") = "New Unity Project 2fast2furious", "Assembly-CSharp.csproj", "{9D11D036-9A6B-7CD0-75BC-E40E12A162BD}"
EndProject
Project("{095163EE-D657-34A5-6660-9278BF4224C1}") = "New Unity Project 2fast2furious", "Assembly-CSharp-Editor.csproj", "{61D0E06F-555C-8C4E-298B-63026320BB64}"
EndProject
Global
	GlobalSection(SolutionConfigurationPlatforms) = preSolution
		Debug|Any CPU = Debug|Any CPU
		Release|Any CPU = Release|Any CPU
	EndGlobalSection
	GlobalSection(ProjectConfigurationPlatforms) = postSolution
		{044801A5-DFA9-672A-59E3-970B019DC5BC}.Debug|Any CPU.ActiveCfg = Debug|Any CPU
		{044801A5-DFA9-672A-59E3-970B019DC5BC}.Debug|Any CPU.Build.0 = Debug|Any CPU
		{044801A5-DFA9-672A-59E3-970B019DC5BC}.Release|Any CPU.ActiveCfg = Release|Any CPU
		{044801A5-DFA9-672A-59E3-970B019DC5BC}.Release|Any CPU.Build.0 = Release|Any CPU
		{9D11D036-9A6B-7CD0-75BC-E40E12A162BD}.Debug|Any CPU.ActiveCfg = Debug|Any CPU
		{9D11D036-9A6B-7CD0-75BC-E40E12A162BD}.Debug|Any CPU.Build.0 = Debug|Any CPU
		{9D11D036-9A6B-7CD0-75BC-E40E12A162BD}.Release|Any CPU.ActiveCfg = Release|Any CPU
		{9D11D036-9A6B-7CD0-75BC-E40E12A162BD}.Release|Any CPU.Build.0 = Release|Any CPU
		{61D0E06F-555C-8C4E-298B-63026320BB64}.Debug|Any CPU.ActiveCfg = Debug|Any CPU
		{61D0E06F-555C-8C4E-298B-63026320BB64}.Debug|Any CPU.Build.0 = Debug|Any CPU
		{61D0E06F-555C-8C4E-298B-63026320BB64}.Release|Any CPU.ActiveCfg = Release|Any CPU
		{61D0E06F-555C-8C4E-298B-63026320BB64}.Release|Any CPU.Build.0 = Release|Any CPU
	EndGlobalSection
	GlobalSection(SolutionProperties) = preSolution
		HideSolutionNode = FALSE
	EndGlobalSection
																																															GlobalSection(MonoDevelopProperties) = preSolution
		StartupItem = Assembly-CSharp.csproj
		Policies = $0
		$0.TextStylePolicy = $1
		$1.inheritsSet = null
		$1.scope = text/x-csharp
		$0.CSharpFormattingPolicy = $2
		$2.inheritsSet = Mono
		$2.inheritsScope = text/x-csharp
		$2.scope = text/x-csharp
		$0.TextStylePolicy = $3
		$3.FileWidth = 120
		$3.TabWidth = 4
		$3.IndentWidth = 4
		$3.EolMarker = Unix
		$3.inheritsSet = Mono
		$3.inheritsScope = text/plain
		$3.scope = text/plain
	EndGlobalSection

EndGlobal
