Microsoft Visual Studio Solution File, Format Version 11.00
# Visual Studio 2008

Project("{4D99499C-BCF0-A9A9-255A-B5698744C479}") = "nugame", "Assembly-CSharp-firstpass.csproj", "{CAB25EB3-B61A-2946-834A-0812B6BD9A9E}"
EndProject
Project("{4D99499C-BCF0-A9A9-255A-B5698744C479}") = "nugame", "Assembly-CSharp.csproj", "{E9E335CE-60B9-27C0-5198-BD4B9C0D90D1}"
EndProject
Project("{4D99499C-BCF0-A9A9-255A-B5698744C479}") = "nugame", "Assembly-CSharp-Editor.csproj", "{EA4B7902-9758-174C-E061-FC55CC176B8B}"
EndProject
Global
	GlobalSection(SolutionConfigurationPlatforms) = preSolution
		Debug|Any CPU = Debug|Any CPU
		Release|Any CPU = Release|Any CPU
	EndGlobalSection
	GlobalSection(ProjectConfigurationPlatforms) = postSolution
		{CAB25EB3-B61A-2946-834A-0812B6BD9A9E}.Debug|Any CPU.ActiveCfg = Debug|Any CPU
		{CAB25EB3-B61A-2946-834A-0812B6BD9A9E}.Debug|Any CPU.Build.0 = Debug|Any CPU
		{CAB25EB3-B61A-2946-834A-0812B6BD9A9E}.Release|Any CPU.ActiveCfg = Release|Any CPU
		{CAB25EB3-B61A-2946-834A-0812B6BD9A9E}.Release|Any CPU.Build.0 = Release|Any CPU
		{E9E335CE-60B9-27C0-5198-BD4B9C0D90D1}.Debug|Any CPU.ActiveCfg = Debug|Any CPU
		{E9E335CE-60B9-27C0-5198-BD4B9C0D90D1}.Debug|Any CPU.Build.0 = Debug|Any CPU
		{E9E335CE-60B9-27C0-5198-BD4B9C0D90D1}.Release|Any CPU.ActiveCfg = Release|Any CPU
		{E9E335CE-60B9-27C0-5198-BD4B9C0D90D1}.Release|Any CPU.Build.0 = Release|Any CPU
		{EA4B7902-9758-174C-E061-FC55CC176B8B}.Debug|Any CPU.ActiveCfg = Debug|Any CPU
		{EA4B7902-9758-174C-E061-FC55CC176B8B}.Debug|Any CPU.Build.0 = Debug|Any CPU
		{EA4B7902-9758-174C-E061-FC55CC176B8B}.Release|Any CPU.ActiveCfg = Release|Any CPU
		{EA4B7902-9758-174C-E061-FC55CC176B8B}.Release|Any CPU.Build.0 = Release|Any CPU
	EndGlobalSection
	GlobalSection(SolutionProperties) = preSolution
		HideSolutionNode = FALSE
	EndGlobalSection
	GlobalSection(MonoDevelopProperties) = preSolution
		StartupItem = Assembly-CSharp.csproj
		Policies = $0
		$0.TextStylePolicy = $1
		$1.inheritsSet = null
		$1.scope = text/x-csharp
		$0.CSharpFormattingPolicy = $2
		$2.inheritsSet = Mono
		$2.inheritsScope = text/x-csharp
		$2.scope = text/x-csharp
		$0.TextStylePolicy = $3
		$3.FileWidth = 120
		$3.TabWidth = 4
		$3.IndentWidth = 4
		$3.EolMarker = Unix
		$3.inheritsSet = Mono
		$3.inheritsScope = text/plain
		$3.scope = text/plain
	EndGlobalSection
EndGlobal
